
Microsoft Visual Studio Solution File, Format Version 12.00
# Visual Studio Version 17
VisualStudioVersion = 17.9.34526.213
MinimumVisualStudioVersion = 10.0.40219.1
Project("{FAE04EC0-301F-11D3-BF4B-00C04F79EFBC}") = "Bank", "Bank\Bank.csproj", "{74CA5B90-337A-4C29-A18F-4002C0ECE7A1}"
EndProject
Global
	GlobalSection(SolutionConfigurationPlatforms) = preSolution
		Debug|Any CPU = Debug|Any CPU
		Release|Any CPU = Release|Any CPU
	EndGlobalSection
	GlobalSection(ProjectConfigurationPlatforms) = postSolution
		{74CA5B90-337A-4C29-A18F-4002C0ECE7A1}.Debug|Any CPU.ActiveCfg = Debug|Any CPU
		{74CA5B90-337A-4C29-A18F-4002C0ECE7A1}.Debug|Any CPU.Build.0 = Debug|Any CPU
		{74CA5B90-337A-4C29-A18F-4002C0ECE7A1}.Release|Any CPU.ActiveCfg = Release|Any CPU
		{74CA5B90-337A-4C29-A18F-4002C0ECE7A1}.Release|Any CPU.Build.0 = Release|Any CPU
	EndGlobalSection
	GlobalSection(SolutionProperties) = preSolution
		HideSolutionNode = FALSE
	EndGlobalSection
	GlobalSection(ExtensibilityGlobals) = postSolution
		SolutionGuid = {5FC061AE-FFE1-4F08-BCD8-4440A3A9E3DC}
	EndGlobalSection
EndGlobal
